
Microsoft Visual Studio Solution File, Format Version 12.00
# Visual Studio 15
VisualStudioVersion = 15.0.27703.2026
MinimumVisualStudioVersion = 10.0.40219.1
Project("{FAE04EC0-301F-11D3-BF4B-00C04F79EFBC}") = "Huygens", "src\Huygens\Huygens.csproj", "{97B24EA3-A794-44E1-AF4D-E2D20E5225B4}"
EndProject
Project("{FAE04EC0-301F-11D3-BF4B-00C04F79EFBC}") = "HuygensTests", "src\HuygensTests\HuygensTests.csproj", "{29D7AF6F-7066-4397-8353-28E127C4ECF7}"
EndProject
Project("{2150E333-8FDC-42A3-9474-1A3956D46DE8}") = "_Info", "_Info", "{9D49558E-D229-4234-90D6-2E7742A1D2CD}"
	ProjectSection(SolutionItems) = preProject
		license.txt = license.txt
		README.md = README.md
	EndProjectSection
EndProject
Global
	GlobalSection(SolutionConfigurationPlatforms) = preSolution
		Debug|Any CPU = Debug|Any CPU
		Release|Any CPU = Release|Any CPU
	EndGlobalSection
	GlobalSection(ProjectConfigurationPlatforms) = postSolution
		{97B24EA3-A794-44E1-AF4D-E2D20E5225B4}.Debug|Any CPU.ActiveCfg = Debug|Any CPU
		{97B24EA3-A794-44E1-AF4D-E2D20E5225B4}.Debug|Any CPU.Build.0 = Debug|Any CPU
		{97B24EA3-A794-44E1-AF4D-E2D20E5225B4}.Release|Any CPU.ActiveCfg = Release|Any CPU
		{97B24EA3-A794-44E1-AF4D-E2D20E5225B4}.Release|Any CPU.Build.0 = Release|Any CPU
		{29D7AF6F-7066-4397-8353-28E127C4ECF7}.Debug|Any CPU.ActiveCfg = Debug|Any CPU
		{29D7AF6F-7066-4397-8353-28E127C4ECF7}.Debug|Any CPU.Build.0 = Debug|Any CPU
		{29D7AF6F-7066-4397-8353-28E127C4ECF7}.Release|Any CPU.ActiveCfg = Release|Any CPU
		{29D7AF6F-7066-4397-8353-28E127C4ECF7}.Release|Any CPU.Build.0 = Release|Any CPU
	EndGlobalSection
	GlobalSection(SolutionProperties) = preSolution
		HideSolutionNode = FALSE
	EndGlobalSection
	GlobalSection(ExtensibilityGlobals) = postSolution
		SolutionGuid = {225734D0-4EB6-4E98-8735-7BC28DC59D13}
	EndGlobalSection
EndGlobal
